
Microsoft Visual Studio Solution File, Format Version 12.00
# Visual Studio 15
VisualStudioVersion = 15.0.28307.329
MinimumVisualStudioVersion = 10.0.40219.1
Project("{FAE04EC0-301F-11D3-BF4B-00C04F79EFBC}") = "Doroshenko_homework_1", "Doroshenko_homework_1\Doroshenko_homework_1.csproj", "{8F9625D1-E569-4856-B594-8B32A8115A93}"
EndProject
Global
	GlobalSection(SolutionConfigurationPlatforms) = preSolution
		Debug|Any CPU = Debug|Any CPU
		Release|Any CPU = Release|Any CPU
	EndGlobalSection
	GlobalSection(ProjectConfigurationPlatforms) = postSolution
		{8F9625D1-E569-4856-B594-8B32A8115A93}.Debug|Any CPU.ActiveCfg = Debug|Any CPU
		{8F9625D1-E569-4856-B594-8B32A8115A93}.Debug|Any CPU.Build.0 = Debug|Any CPU
		{8F9625D1-E569-4856-B594-8B32A8115A93}.Release|Any CPU.ActiveCfg = Release|Any CPU
		{8F9625D1-E569-4856-B594-8B32A8115A93}.Release|Any CPU.Build.0 = Release|Any CPU
	EndGlobalSection
	GlobalSection(SolutionProperties) = preSolution
		HideSolutionNode = FALSE
	EndGlobalSection
	GlobalSection(ExtensibilityGlobals) = postSolution
		SolutionGuid = {8A4FF0E3-A66E-456A-93C9-61EE1E414CF5}
	EndGlobalSection
EndGlobal
